
Microsoft Visual Studio Solution File, Format Version 12.00
# Visual Studio Version 17
VisualStudioVersion = 17.0.32014.148
MinimumVisualStudioVersion = 10.0.40219.1
Project("{FAE04EC0-301F-11D3-BF4B-00C04F79EFBC}") = "FilterPatientsByRelevantPlans", "FilterPatientsByRelevantPlans.csproj", "{6CDEA737-1B32-4814-9BDC-9C63E9A2AD78}"
EndProject
Global
	GlobalSection(SolutionConfigurationPlatforms) = preSolution
		Debug|x64 = Debug|x64
		Release|x64 = Release|x64
	EndGlobalSection
	GlobalSection(ProjectConfigurationPlatforms) = postSolution
		{6CDEA737-1B32-4814-9BDC-9C63E9A2AD78}.Debug|x64.ActiveCfg = Debug|x64
		{6CDEA737-1B32-4814-9BDC-9C63E9A2AD78}.Debug|x64.Build.0 = Debug|x64
		{6CDEA737-1B32-4814-9BDC-9C63E9A2AD78}.Release|x64.ActiveCfg = Release|x64
		{6CDEA737-1B32-4814-9BDC-9C63E9A2AD78}.Release|x64.Build.0 = Release|x64
	EndGlobalSection
	GlobalSection(SolutionProperties) = preSolution
		HideSolutionNode = FALSE
	EndGlobalSection
	GlobalSection(ExtensibilityGlobals) = postSolution
		SolutionGuid = {436753BD-4012-4124-8390-5AE75668832E}
	EndGlobalSection
EndGlobal
